<?xml version="1.0" encoding="utf-8"?>
<Project ToolsVersion="4.0" xmlns="http://schemas.microsoft.com/developer/msbuild/2003">
  <ItemGroup>
    <ClCompile Include="precomp.cpp" />
    <ClCompile Include="ScrollShooter.cpp" />
    <ClCompile Include="Engine.cpp">
      <Filter>Engine</Filter>
    </ClCompile>
    <ClCompile Include="GameObject.cpp">
      <Filter>Engine</Filter>
    </ClCompile>
    <ClCompile Include="State.cpp">
      <Filter>Engine</Filter>
    </ClCompile>
    <ClCompile Include="GameObjectManager.cpp">
      <Filter>Engine</Filter>
    </ClCompile>
    <ClCompile Include="DebugTool.cpp">
      <Filter>Engine\Debug</Filter>
    </ClCompile>
    <ClCompile Include="MainMenu.cpp">
      <Filter>Game\States\MainMenu</Filter>
    </ClCompile>
    <ClCompile Include="ControlsButton.cpp">
      <Filter>Game\GameObjects\Buttons</Filter>
    </ClCompile>
    <ClCompile Include="NewGameButton.cpp">
      <Filter>Game\GameObjects\Buttons</Filter>
    </ClCompile>
    <ClCompile Include="CreditsButton.cpp">
      <Filter>Game\GameObjects\Buttons</Filter>
    </ClCompile>
    <ClCompile Include="QuitButton.cpp">
      <Filter>Game\GameObjects\Buttons</Filter>
    </ClCompile>
    <ClCompile Include="Level.cpp">
      <Filter>Game\States</Filter>
    </ClCompile>
    <ClCompile Include="Unit.cpp">
      <Filter>Game\GameObjects</Filter>
    </ClCompile>
    <ClCompile Include="Base.cpp">
      <Filter>Engine</Filter>
    </ClCompile>
    <ClCompile Include="Entity.cpp">
      <Filter>Game\GameObjects</Filter>
    </ClCompile>
    <ClCompile Include="Player.cpp">
      <Filter>Game\GameObjects\Entitys</Filter>
    </ClCompile>
    <ClCompile Include="ObjectButton.cpp">
      <Filter>Game\GameObjects</Filter>
    </ClCompile>
    <ClCompile Include="Enemy.cpp">
      <Filter>Game\GameObjects\Entitys</Filter>
    </ClCompile>
    <ClCompile Include="Star.cpp">
      <Filter>Game\GameObjects\Entitys</Filter>
    </ClCompile>
    <ClCompile Include="GameComponent.cpp">
      <Filter>Engine</Filter>
    </ClCompile>
    <ClCompile Include="GameObjectGroup.cpp">
      <Filter>Engine</Filter>
    </ClCompile>
  </ItemGroup>
  <ItemGroup>
    <ClInclude Include="precomp.h" />
    <ClInclude Include="ScrollShooter.h" />
    <ClInclude Include="Engine.h">
      <Filter>Engine</Filter>
    </ClInclude>
    <ClInclude Include="GameObject.h">
      <Filter>Engine</Filter>
    </ClInclude>
    <ClInclude Include="State.h">
      <Filter>Engine</Filter>
    </ClInclude>
    <ClInclude Include="GameObjectManager.h">
      <Filter>Engine</Filter>
    </ClInclude>
    <ClInclude Include="DebugTool.h">
      <Filter>Engine\Debug</Filter>
    </ClInclude>
    <ClInclude Include="MainMenu.h">
      <Filter>Game\States\MainMenu</Filter>
    </ClInclude>
    <ClInclude Include="resource.h" />
    <ClInclude Include="ControlsButton.h">
      <Filter>Game\GameObjects\Buttons</Filter>
    </ClInclude>
    <ClInclude Include="NewGameButton.h">
      <Filter>Game\GameObjects\Buttons</Filter>
    </ClInclude>
    <ClInclude Include="CreditsButton.h">
      <Filter>Game\GameObjects\Buttons</Filter>
    </ClInclude>
    <ClInclude Include="QuitButton.h">
      <Filter>Game\GameObjects\Buttons</Filter>
    </ClInclude>
    <ClInclude Include="Level.h">
      <Filter>Game\States</Filter>
    </ClInclude>
    <ClInclude Include="Unit.h">
      <Filter>Game\GameObjects</Filter>
    </ClInclude>
    <ClInclude Include="Base.h">
      <Filter>Engine</Filter>
    </ClInclude>
    <ClInclude Include="Entity.h">
      <Filter>Game\GameObjects</Filter>
    </ClInclude>
    <ClInclude Include="Player.h">
      <Filter>Game\GameObjects\Entitys</Filter>
    </ClInclude>
    <ClInclude Include="ObjectButton.h">
      <Filter>Game\GameObjects</Filter>
    </ClInclude>
    <ClInclude Include="Enemy.h">
      <Filter>Game\GameObjects\Entitys</Filter>
    </ClInclude>
    <ClInclude Include="Star.h">
      <Filter>Game\GameObjects\Entitys</Filter>
    </ClInclude>
    <ClInclude Include="GameComponent.h">
      <Filter>Engine</Filter>
    </ClInclude>
    <ClInclude Include="GameObjectGroup.h">
      <Filter>Engine</Filter>
    </ClInclude>
  </ItemGroup>
  <ItemGroup>
    <Filter Include="Engine">
      <UniqueIdentifier>{4214ab1b-237d-4701-a089-6677daf57ac7}</UniqueIdentifier>
    </Filter>
    <Filter Include="Engine\Debug">
      <UniqueIdentifier>{33699b77-2e3e-45ec-9383-e7dcbe84f534}</UniqueIdentifier>
    </Filter>
    <Filter Include="Game">
      <UniqueIdentifier>{0948586c-5b03-4770-aac2-03a8347a42e5}</UniqueIdentifier>
    </Filter>
    <Filter Include="Game\States">
      <UniqueIdentifier>{8ecaf935-eac3-43fd-8f95-2eaa1459b0cb}</UniqueIdentifier>
    </Filter>
    <Filter Include="Game\GameObjects">
      <UniqueIdentifier>{47738554-1f01-4f63-8856-71701d273dae}</UniqueIdentifier>
    </Filter>
    <Filter Include="Game\States\MainMenu">
      <UniqueIdentifier>{e8dffbb6-eed2-4377-a126-8ad038b3da7b}</UniqueIdentifier>
    </Filter>
    <Filter Include="Game\GameObjects\Buttons">
      <UniqueIdentifier>{75ee2b6d-8f28-4a7b-b7b1-fe3b195a5f26}</UniqueIdentifier>
    </Filter>
    <Filter Include="Game\GameObjects\Entitys">
      <UniqueIdentifier>{8856a5ee-88cf-40c1-8169-c726fe5d6407}</UniqueIdentifier>
    </Filter>
  </ItemGroup>
  <ItemGroup>
    <ResourceCompile Include="scrollshooter.rc" />
  </ItemGroup>
</Project>