<?xml version="1.0" encoding="utf-8"?>
<Project ToolsVersion="4.0" xmlns="http://schemas.microsoft.com/developer/msbuild/2003">
  <ItemGroup>
    <ClCompile Include="precomp.cpp" />
    <ClCompile Include="ScrollShooter.cpp" />
    <ClCompile Include="Engine.cpp">
      <Filter>Engine</Filter>
    </ClCompile>
    <ClCompile Include="GameObject.cpp">
      <Filter>Engine</Filter>
    </ClCompile>
    <ClCompile Include="State.cpp">
      <Filter>Engine</Filter>
    </ClCompile>
    <ClCompile Include="GameObjectManager.cpp">
      <Filter>Engine</Filter>
    </ClCompile>
    <ClCompile Include="ObjectButton.cpp">
      <Filter>Engine</Filter>
    </ClCompile>
    <ClCompile Include="Handler.cpp">
      <Filter>Engine</Filter>
    </ClCompile>
    <ClCompile Include="MainState.cpp">
      <Filter>MainState</Filter>
    </ClCompile>
  </ItemGroup>
  <ItemGroup>
    <ClInclude Include="precomp.h" />
    <ClInclude Include="ScrollShooter.h" />
    <ClInclude Include="Engine.h">
      <Filter>Engine</Filter>
    </ClInclude>
    <ClInclude Include="GameObject.h">
      <Filter>Engine</Filter>
    </ClInclude>
    <ClInclude Include="State.h">
      <Filter>Engine</Filter>
    </ClInclude>
    <ClInclude Include="GameObjectManager.h">
      <Filter>Engine</Filter>
    </ClInclude>
    <ClInclude Include="ObjectButton.h">
      <Filter>Engine</Filter>
    </ClInclude>
    <ClInclude Include="Handler.h">
      <Filter>Engine</Filter>
    </ClInclude>
    <ClInclude Include="MainState.h">
      <Filter>MainState</Filter>
    </ClInclude>
  </ItemGroup>
  <ItemGroup>
    <Filter Include="Engine">
      <UniqueIdentifier>{4214ab1b-237d-4701-a089-6677daf57ac7}</UniqueIdentifier>
    </Filter>
    <Filter Include="MainState">
      <UniqueIdentifier>{e8dffbb6-eed2-4377-a126-8ad038b3da7b}</UniqueIdentifier>
    </Filter>
  </ItemGroup>
</Project>